{
    "_meta": {
        "hash": {
            "sha256": "eeb074855fede1bde34e3ce924efef7d3e92d99ff2538518d2c97e7c444f4f9f"
        },
        "pipfile-spec": 6,
        "requires": {
            "python_version": "3.7"
        },
        "sources": [
            {
                "name": "pypi",
                "url": "https://pypi.org/simple",
                "verify_ssl": true
            }
        ]
    },
    "default": {
        "pyhash": {
            "hashes": [
                "sha256:1112816478addf69fbaf9cfcb70d8b12fa0165b588b8c38cad5561a3f7d8c6f9",
                "sha256:1d895b630e59c1e48363d6d494e30ddc08466156f9f7cee8c0195e7db4bea412",
                "sha256:2b07d60fad06603cfcc65afbb07624905f2c57abeb93857b2a7276c8a34e81e9",
                "sha256:9dbdb65a151c56c83705beeeaff8b6443281bd4a688679b698a53b8b919ccc04",
                "sha256:9f7b5992e5a3f5e86c38d7864b7576c504fc213e912a3bfda5eb23acd418fac8"
            ],
            "index": "pypi",
            "version": "==0.9.1"
        }
    },
    "develop": {}
}
